{
  "name": "cz-git",
  "version": "1.9.0",
  "lockfileVersion": 3,
  "requires": true,
  "packages": {
    "": {
      "name": "cz-git",
      "version": "1.9.0",
      "license": "MIT",
      "dependencies": {
        "cz-git": "^1.9.0"
      },
      "engines": {
        "node": ">=v12.20.0"
      }
    },
    "node_modules/cz-git": {
      "version": "1.9.0",
      "resolved": "https://registry.npmjs.org/cz-git/-/cz-git-1.9.0.tgz",
      "integrity": "sha512-xxqJwVS4MseVXLOlIK6w97WSHlo14BaOmhO3H6qB0H2Q5Kf3URMwJuYbInq1GxAVT14XLUZBhMy/3Di+lux/Cg==",
      "engines": {
        "node": ">=v12.20.0"
      }
    }
  }
}
